{
  "version": 2,
  "dependencies": {
    "net10.0": {
      "Cordis.NET.AspNetCore": {
        "type": "Project",
        "dependencies": {
          "Cordis.NET.Extensions": "[0.2.0-alpha.4, )"
        }
      },
      "Cordis.NET.Clr": {
        "type": "Project",
        "dependencies": {
          "Cordis.NET.Composition": "[0.2.0-alpha.4, )"
        }
      },
      "Cordis.NET.Composition": {
        "type": "Project",
        "dependencies": {
          "Cordis.NET.Core": "[0.2.0-alpha.4, )",
          "YamlDotNet": "[16.3.0, )"
        }
      },
      "Cordis.NET.Core": {
        "type": "Project"
      },
      "Cordis.NET.Extensions": {
        "type": "Project",
        "dependencies": {
          "Cordis.NET.Composition": "[0.2.0-alpha.4, )",
          "Cordis.NET.Core": "[0.2.0-alpha.4, )"
        }
      },
      "YamlDotNet": {
        "type": "CentralTransitive",
        "requested": "[16.3.0, )",
        "resolved": "16.3.0",
        "contentHash": "SgMOdxbz8X65z8hraIs6hOEdnkH6hESTAIUa7viEngHOYaH+6q5XJmwr1+yb9vJpNQ19hCQY69xbFsLtXpobQA=="
      }
    }
  }
}