{
  "version": 1,
  "dependencies": {
    "net10.0": {
      "YamlDotNet": {
        "type": "Transitive",
        "resolved": "16.3.0",
        "contentHash": "SgMOdxbz8X65z8hraIs6hOEdnkH6hESTAIUa7viEngHOYaH+6q5XJmwr1+yb9vJpNQ19hCQY69xbFsLtXpobQA=="
      },
      "cordis.composition": {
        "type": "Project",
        "dependencies": {
          "Cordis.Core": "[0.1.0-alpha.1, )",
          "YamlDotNet": "[16.3.0, )"
        }
      },
      "cordis.core": {
        "type": "Project"
      }
    }
  }
}